
Microsoft Visual Studio Solution File, Format Version 12.00
# Visual Studio Version 17
VisualStudioVersion = 17.11.35303.130
MinimumVisualStudioVersion = 10.0.40219.1
Project("{FAE04EC0-301F-11D3-BF4B-00C04F79EFBC}") = "Sovelluskehitys2024", "Sovelluskehitys2024\Sovelluskehitys2024.csproj", "{72380FE7-C3DD-4A5E-9100-FDE559762663}"
EndProject
Global
	GlobalSection(SolutionConfigurationPlatforms) = preSolution
		Debug|Any CPU = Debug|Any CPU
		Release|Any CPU = Release|Any CPU
	EndGlobalSection
	GlobalSection(ProjectConfigurationPlatforms) = postSolution
		{72380FE7-C3DD-4A5E-9100-FDE559762663}.Debug|Any CPU.ActiveCfg = Debug|Any CPU
		{72380FE7-C3DD-4A5E-9100-FDE559762663}.Debug|Any CPU.Build.0 = Debug|Any CPU
		{72380FE7-C3DD-4A5E-9100-FDE559762663}.Release|Any CPU.ActiveCfg = Release|Any CPU
		{72380FE7-C3DD-4A5E-9100-FDE559762663}.Release|Any CPU.Build.0 = Release|Any CPU
	EndGlobalSection
	GlobalSection(SolutionProperties) = preSolution
		HideSolutionNode = FALSE
	EndGlobalSection
	GlobalSection(ExtensibilityGlobals) = postSolution
		SolutionGuid = {CE910AFC-6C4F-4F09-836F-975E4A8D7DC2}
	EndGlobalSection
EndGlobal
